
Microsoft Visual Studio Solution File, Format Version 12.00
# Visual Studio Version 17
VisualStudioVersion = 17.0.32014.148
MinimumVisualStudioVersion = 10.0.40219.1
Project("{FAE04EC0-301F-11D3-BF4B-00C04F79EFBC}") = "SwitchCase", "SwitchCase\SwitchCase.csproj", "{0088161F-BCFF-4B16-B17A-3AC96852E621}"
EndProject
Global
	GlobalSection(SolutionConfigurationPlatforms) = preSolution
		Debug|Any CPU = Debug|Any CPU
		Release|Any CPU = Release|Any CPU
	EndGlobalSection
	GlobalSection(ProjectConfigurationPlatforms) = postSolution
		{0088161F-BCFF-4B16-B17A-3AC96852E621}.Debug|Any CPU.ActiveCfg = Debug|Any CPU
		{0088161F-BCFF-4B16-B17A-3AC96852E621}.Debug|Any CPU.Build.0 = Debug|Any CPU
		{0088161F-BCFF-4B16-B17A-3AC96852E621}.Release|Any CPU.ActiveCfg = Release|Any CPU
		{0088161F-BCFF-4B16-B17A-3AC96852E621}.Release|Any CPU.Build.0 = Release|Any CPU
	EndGlobalSection
	GlobalSection(SolutionProperties) = preSolution
		HideSolutionNode = FALSE
	EndGlobalSection
	GlobalSection(ExtensibilityGlobals) = postSolution
		SolutionGuid = {A7BD00EE-C62C-44F9-ACA8-507B687B7E94}
	EndGlobalSection
EndGlobal
