
Microsoft Visual Studio Solution File, Format Version 12.00
# Visual Studio Version 17
VisualStudioVersion = 17.0.32014.148
MinimumVisualStudioVersion = 10.0.40219.1
Project("{FAE04EC0-301F-11D3-BF4B-00C04F79EFBC}") = "Enumeradores(enum)", "Enumeradores(enum)\Enumeradores(enum).csproj", "{3A3EC7FF-8955-45A9-8A90-F24148EB27C3}"
EndProject
Global
	GlobalSection(SolutionConfigurationPlatforms) = preSolution
		Debug|Any CPU = Debug|Any CPU
		Release|Any CPU = Release|Any CPU
	EndGlobalSection
	GlobalSection(ProjectConfigurationPlatforms) = postSolution
		{3A3EC7FF-8955-45A9-8A90-F24148EB27C3}.Debug|Any CPU.ActiveCfg = Debug|Any CPU
		{3A3EC7FF-8955-45A9-8A90-F24148EB27C3}.Debug|Any CPU.Build.0 = Debug|Any CPU
		{3A3EC7FF-8955-45A9-8A90-F24148EB27C3}.Release|Any CPU.ActiveCfg = Release|Any CPU
		{3A3EC7FF-8955-45A9-8A90-F24148EB27C3}.Release|Any CPU.Build.0 = Release|Any CPU
	EndGlobalSection
	GlobalSection(SolutionProperties) = preSolution
		HideSolutionNode = FALSE
	EndGlobalSection
	GlobalSection(ExtensibilityGlobals) = postSolution
		SolutionGuid = {D13B0679-2DDA-4080-BE98-2D3E49299C50}
	EndGlobalSection
EndGlobal
