
Microsoft Visual Studio Solution File, Format Version 12.00
# Visual Studio Version 17
VisualStudioVersion = 17.0.32014.148
MinimumVisualStudioVersion = 10.0.40219.1
Project("{FAE04EC0-301F-11D3-BF4B-00C04F79EFBC}") = "Variavel_Constante", "Variavel_Constante\Variavel_Constante.csproj", "{2CEA240B-5025-40BF-BFF5-885A55891E6B}"
EndProject
Global
	GlobalSection(SolutionConfigurationPlatforms) = preSolution
		Debug|Any CPU = Debug|Any CPU
		Release|Any CPU = Release|Any CPU
	EndGlobalSection
	GlobalSection(ProjectConfigurationPlatforms) = postSolution
		{2CEA240B-5025-40BF-BFF5-885A55891E6B}.Debug|Any CPU.ActiveCfg = Debug|Any CPU
		{2CEA240B-5025-40BF-BFF5-885A55891E6B}.Debug|Any CPU.Build.0 = Debug|Any CPU
		{2CEA240B-5025-40BF-BFF5-885A55891E6B}.Release|Any CPU.ActiveCfg = Release|Any CPU
		{2CEA240B-5025-40BF-BFF5-885A55891E6B}.Release|Any CPU.Build.0 = Release|Any CPU
	EndGlobalSection
	GlobalSection(SolutionProperties) = preSolution
		HideSolutionNode = FALSE
	EndGlobalSection
	GlobalSection(ExtensibilityGlobals) = postSolution
		SolutionGuid = {FCC05483-6054-415D-A4F8-CB18E97222CA}
	EndGlobalSection
EndGlobal
