
Microsoft Visual Studio Solution File, Format Version 12.00
# Visual Studio Version 17
VisualStudioVersion = 17.0.32014.148
MinimumVisualStudioVersion = 10.0.40219.1
Project("{FAE04EC0-301F-11D3-BF4B-00C04F79EFBC}") = "Array_Vetor", "Array_Vetor\Array_Vetor.csproj", "{CBC4B3EF-3441-4D90-A41E-86DCC10CA819}"
EndProject
Global
	GlobalSection(SolutionConfigurationPlatforms) = preSolution
		Debug|Any CPU = Debug|Any CPU
		Release|Any CPU = Release|Any CPU
	EndGlobalSection
	GlobalSection(ProjectConfigurationPlatforms) = postSolution
		{CBC4B3EF-3441-4D90-A41E-86DCC10CA819}.Debug|Any CPU.ActiveCfg = Debug|Any CPU
		{CBC4B3EF-3441-4D90-A41E-86DCC10CA819}.Debug|Any CPU.Build.0 = Debug|Any CPU
		{CBC4B3EF-3441-4D90-A41E-86DCC10CA819}.Release|Any CPU.ActiveCfg = Release|Any CPU
		{CBC4B3EF-3441-4D90-A41E-86DCC10CA819}.Release|Any CPU.Build.0 = Release|Any CPU
	EndGlobalSection
	GlobalSection(SolutionProperties) = preSolution
		HideSolutionNode = FALSE
	EndGlobalSection
	GlobalSection(ExtensibilityGlobals) = postSolution
		SolutionGuid = {737171A4-F2EF-4E63-9345-08D4F56E7609}
	EndGlobalSection
EndGlobal
