
Microsoft Visual Studio Solution File, Format Version 12.00
# Visual Studio Version 17
VisualStudioVersion = 17.0.32014.148
MinimumVisualStudioVersion = 10.0.40219.1
Project("{FAE04EC0-301F-11D3-BF4B-00C04F79EFBC}") = "Argumento_Params", "Argumento_Params\Argumento_Params.csproj", "{A246DC31-DD09-4431-9455-A7EBA4A0F2E7}"
EndProject
Global
	GlobalSection(SolutionConfigurationPlatforms) = preSolution
		Debug|Any CPU = Debug|Any CPU
		Release|Any CPU = Release|Any CPU
	EndGlobalSection
	GlobalSection(ProjectConfigurationPlatforms) = postSolution
		{A246DC31-DD09-4431-9455-A7EBA4A0F2E7}.Debug|Any CPU.ActiveCfg = Debug|Any CPU
		{A246DC31-DD09-4431-9455-A7EBA4A0F2E7}.Debug|Any CPU.Build.0 = Debug|Any CPU
		{A246DC31-DD09-4431-9455-A7EBA4A0F2E7}.Release|Any CPU.ActiveCfg = Release|Any CPU
		{A246DC31-DD09-4431-9455-A7EBA4A0F2E7}.Release|Any CPU.Build.0 = Release|Any CPU
	EndGlobalSection
	GlobalSection(SolutionProperties) = preSolution
		HideSolutionNode = FALSE
	EndGlobalSection
	GlobalSection(ExtensibilityGlobals) = postSolution
		SolutionGuid = {58D3B0D8-B0E3-4D83-8FF2-F24634872318}
	EndGlobalSection
EndGlobal
